// !$*UTF8*$!
{
	archiveVersion = 1;
	classes = {
	};
	objectVersion = 46;
	objects = {

/* Begin PBXBuildFile section */
		0DEAC17B606F865E5E0DE4B0 /* Pods_Sample.framework in Frameworks */ = {isa = PBXBuildFile; fileRef = 0ADF018FB1C7BF12BB1AFC4F /* Pods_Sample.framework */; };
		5CF5201B1F30467700B3ABA9 /* AppDelegate.swift in Sources */ = {isa = PBXBuildFile; fileRef = 5CF5201A1F30467700B3ABA9 /* AppDelegate.swift */; };
		5CF5201D1F30467700B3ABA9 /* ViewController.swift in Sources */ = {isa = PBXBuildFile; fileRef = 5CF5201C1F30467700B3ABA9 /* ViewController.swift */; };
		5CF520201F30467700B3ABA9 /* Main.storyboard in Resources */ = {isa = PBXBuildFile; fileRef = 5CF5201E1F30467700B3ABA9 /* Main.storyboard */; };
		5CF520221F30467700B3ABA9 /* Assets.xcassets in Resources */ = {isa = PBXBuildFile; fileRef = 5CF520211F30467700B3ABA9 /* Assets.xcassets */; };
		5CF520251F30467700B3ABA9 /* LaunchScreen.storyboard in Resources */ = {isa = PBXBuildFile; fileRef = 5CF520231F30467700B3ABA9 /* LaunchScreen.storyboard */; };
/* End PBXBuildFile section */

/* Begin PBXFileReference section */
		0ADF018FB1C7BF12BB1AFC4F /* Pods_Sample.framework */ = {isa = PBXFileReference; explicitFileType = wrapper.framework; includeInIndex = 0; path = Pods_Sample.framework; sourceTree = BUILT_PRODUCTS_DIR; };
		5CF520171F30467700B3ABA9 /* Sample.app */ = {isa = PBXFileReference; explicitFileType = wrapper.application; includeInIndex = 0; path = Sample.app; sourceTree = BUILT_PRODUCTS_DIR; };
		5CF5201A1F30467700B3ABA9 /* AppDelegate.swift */ = {isa = PBXFileReference; lastKnownFileType = sourcecode.swift; path = AppDelegate.swift; sourceTree = "<group>"; };
		5CF5201C1F30467700B3ABA9 /* ViewController.swift */ = {isa = PBXFileReference; lastKnownFileType = sourcecode.swift; path = ViewController.swift; sourceTree = "<group>"; };
		5CF5201F1F30467700B3ABA9 /* Base */ = {isa = PBXFileReference; lastKnownFileType = file.storyboard; name = Base; path = Base.lproj/Main.storyboard; sourceTree = "<group>"; };
		5CF520211F30467700B3ABA9 /* Assets.xcassets */ = {isa = PBXFileReference; lastKnownFileType = folder.assetcatalog; path = Assets.xcassets; sourceTree = "<group>"; };
		5CF520241F30467700B3ABA9 /* Base */ = {isa = PBXFileReference; lastKnownFileType = file.storyboard; name = Base; path = Base.lproj/LaunchScreen.storyboard; sourceTree = "<group>"; };
		5CF520261F30467700B3ABA9 /* Info.plist */ = {isa = PBXFileReference; lastKnownFileType = text.plist.xml; path = Info.plist; sourceTree = "<group>"; };
		855DB93A788C87473A5D5056 /* Pods-Sample.debug.xcconfig */ = {isa = PBXFileReference; includeInIndex = 1; lastKnownFileType = text.xcconfig; name = "Pods-Sample.debug.xcconfig"; path = "Pods/Target Support Files/Pods-Sample/Pods-Sample.debug.xcconfig"; sourceTree = "<group>"; };
		B89E66313926154132D289BD /* Pods-Sample.release.xcconfig */ = {isa = PBXFileReference; includeInIndex = 1; lastKnownFileType = text.xcconfig; name = "Pods-Sample.release.xcconfig"; path = "Pods/Target Support Files/Pods-Sample/Pods-Sample.release.xcconfig"; sourceTree = "<group>"; };
/* End PBXFileReference section */

/* Begin PBXFrameworksBuildPhase section */
		5CF520141F30467700B3ABA9 /* Frameworks */ = {
			isa = PBXFrameworksBuildPhase;
			buildActionMask = 2147483647;
			files = (
				0DEAC17B606F865E5E0DE4B0 /* Pods_Sample.framework in Frameworks */,
			);
			runOnlyForDeploymentPostprocessing = 0;
		};
/* End PBXFrameworksBuildPhase section */

/* Begin PBXGroup section */
		0C809A8BE52482F8CF2B402B /* Frameworks */ = {
			isa = PBXGroup;
			children = (
				0ADF018FB1C7BF12BB1AFC4F /* Pods_Sample.framework */,
			);
			name = Frameworks;
			sourceTree = "<group>";
		};
		5CF5200E1F30467700B3ABA9 = {
			isa = PBXGroup;
			children = (
				5CF520191F30467700B3ABA9 /* Sample */,
				5CF520181F30467700B3ABA9 /* Products */,
				C82E7E43770405174B1FEECF /* Pods */,
				0C809A8BE52482F8CF2B402B /* Frameworks */,
			);
			sourceTree = "<group>";
		};
		5CF520181F30467700B3ABA9 /* Products */ = {
			isa = PBXGroup;
			children = (
				5CF520171F30467700B3ABA9 /* Sample.app */,
			);
			name = Products;
			sourceTree = "<group>";
		};
		5CF520191F30467700B3ABA9 /* Sample */ = {
			isa = PBXGroup;
			children = (
				5CF5201A1F30467700B3ABA9 /* AppDelegate.swift */,
				5CF5201C1F30467700B3ABA9 /* ViewController.swift */,
				5CF5201E1F30467700B3ABA9 /* Main.storyboard */,
				5CF520211F30467700B3ABA9 /* Assets.xcassets */,
				5CF520231F30467700B3ABA9 /* LaunchScreen.storyboard */,
				5CF520261F30467700B3ABA9 /* Info.plist */,
			);
			path = Sample;
			sourceTree = "<group>";
		};
		C82E7E43770405174B1FEECF /* Pods */ = {
			isa = PBXGroup;
			children = (
				855DB93A788C87473A5D5056 /* Pods-Sample.debug.xcconfig */,
				B89E66313926154132D289BD /* Pods-Sample.release.xcconfig */,
			);
			name = Pods;
			sourceTree = "<group>";
		};
/* End PBXGroup section */

/* Begin PBXNativeTarget section */
		5CF520161F30467700B3ABA9 /* Sample */ = {
			isa = PBXNativeTarget;
			buildConfigurationList = 5CF520291F30467700B3ABA9 /* Build configuration list for PBXNativeTarget "Sample" */;
			buildPhases = (
				028FDD34C134F31C85139E86 /* [CP] Check Pods Manifest.lock */,
				5CF520131F30467700B3ABA9 /* Sources */,
				5CF520141F30467700B3ABA9 /* Frameworks */,
				5CF520151F30467700B3ABA9 /* Resources */,
				DC47211F7BE3409A8E9B6726 /* [CP] Embed Pods Frameworks */,
			);
			buildRules = (
			);
			dependencies = (
			);
			name = Sample;
			productName = Sample;
			productReference = 5CF520171F30467700B3ABA9 /* Sample.app */;
			productType = "com.apple.product-type.application";
		};
/* End PBXNativeTarget section */

/* Begin PBXProject section */
		5CF5200F1F30467700B3ABA9 /* Project object */ = {
			isa = PBXProject;
			attributes = {
				LastSwiftUpdateCheck = 0830;
				LastUpgradeCheck = 0830;
				ORGANIZATIONNAME = Meniny;
				TargetAttributes = {
					5CF520161F30467700B3ABA9 = {
						CreatedOnToolsVersion = 8.3.3;
						DevelopmentTeam = 63YL5QDMNS;
						LastSwiftMigration = 0920;
						ProvisioningStyle = Automatic;
					};
				};
			};
			buildConfigurationList = 5CF520121F30467700B3ABA9 /* Build configuration list for PBXProject "Sample" */;
			compatibilityVersion = "Xcode 3.2";
			developmentRegion = English;
			hasScannedForEncodings = 0;
			knownRegions = (
				en,
				Base,
			);
			mainGroup = 5CF5200E1F30467700B3ABA9;
			productRefGroup = 5CF520181F30467700B3ABA9 /* Products */;
			projectDirPath = "";
			projectRoot = "";
			targets = (
				5CF520161F30467700B3ABA9 /* Sample */,
			);
		};
/* End PBXProject section */

/* Begin PBXResourcesBuildPhase section */
		5CF520151F30467700B3ABA9 /* Resources */ = {
			isa = PBXResourcesBuildPhase;
			buildActionMask = 2147483647;
			files = (
				5CF520251F30467700B3ABA9 /* LaunchScreen.storyboard in Resources */,
				5CF520221F30467700B3ABA9 /* Assets.xcassets in Resources */,
				5CF520201F30467700B3ABA9 /* Main.storyboard in Resources */,
			);
			runOnlyForDeploymentPostprocessing = 0;
		};
/* End PBXResourcesBuildPhase section */

/* Begin PBXShellScriptBuildPhase section */
		028FDD34C134F31C85139E86 /* [CP] Check Pods Manifest.lock */ = {
			isa = PBXShellScriptBuildPhase;
			buildActionMask = 2147483647;
			files = (
			);
			inputPaths = (
				"${PODS_PODFILE_DIR_PATH}/Podfile.lock",
				"${PODS_ROOT}/Manifest.lock",
			);
			name = "[CP] Check Pods Manifest.lock";
			outputPaths = (
				"$(DERIVED_FILE_DIR)/Pods-Sample-checkManifestLockResult.txt",
			);
			runOnlyForDeploymentPostprocessing = 0;
			shellPath = /bin/sh;
			shellScript = "diff \"${PODS_PODFILE_DIR_PATH}/Podfile.lock\" \"${PODS_ROOT}/Manifest.lock\" > /dev/null\nif [ $? != 0 ] ; then\n    # print error to STDERR\n    echo \"error: The sandbox is not in sync with the Podfile.lock. Run 'pod install' or update your CocoaPods installation.\" >&2\n    exit 1\nfi\n# This output is used by Xcode 'outputs' to avoid re-running this script phase.\necho \"SUCCESS\" > \"${SCRIPT_OUTPUT_FILE_0}\"\n";
			showEnvVarsInLog = 0;
		};
		DC47211F7BE3409A8E9B6726 /* [CP] Embed Pods Frameworks */ = {
			isa = PBXShellScriptBuildPhase;
			buildActionMask = 2147483647;
			files = (
			);
			inputPaths = (
				"${SRCROOT}/Pods/Target Support Files/Pods-Sample/Pods-Sample-frameworks.sh",
				"${BUILT_PRODUCTS_DIR}/Dawn/Dawn.framework",
			);
			name = "[CP] Embed Pods Frameworks";
			outputPaths = (
				"${TARGET_BUILD_DIR}/${FRAMEWORKS_FOLDER_PATH}/Dawn.framework",
			);
			runOnlyForDeploymentPostprocessing = 0;
			shellPath = /bin/sh;
			shellScript = "\"${SRCROOT}/Pods/Target Support Files/Pods-Sample/Pods-Sample-frameworks.sh\"\n";
			showEnvVarsInLog = 0;
		};
/* End PBXShellScriptBuildPhase section */

/* Begin PBXSourcesBuildPhase section */
		5CF520131F30467700B3ABA9 /* Sources */ = {
			isa = PBXSourcesBuildPhase;
			buildActionMask = 2147483647;
			files = (
				5CF5201D1F30467700B3ABA9 /* ViewController.swift in Sources */,
				5CF5201B1F30467700B3ABA9 /* AppDelegate.swift in Sources */,
			);
			runOnlyForDeploymentPostprocessing = 0;
		};
/* End PBXSourcesBuildPhase section */

/* Begin PBXVariantGroup section */
		5CF5201E1F30467700B3ABA9 /* Main.storyboard */ = {
			isa = PBXVariantGroup;
			children = (
				5CF5201F1F30467700B3ABA9 /* Base */,
			);
			name = Main.storyboard;
			sourceTree = "<group>";
		};
		5CF520231F30467700B3ABA9 /* LaunchScreen.storyboard */ = {
			isa = PBXVariantGroup;
			children = (
				5CF520241F30467700B3ABA9 /* Base */,
			);
			name = LaunchScreen.storyboard;
			sourceTree = "<group>";
		};
/* End PBXVariantGroup section */

/* Begin XCBuildConfiguration section */
		5CF520271F30467700B3ABA9 /* Debug */ = {
			isa = XCBuildConfiguration;
			buildSettings = {
				ALWAYS_SEARCH_USER_PATHS = NO;
				CLANG_ANALYZER_NONNULL = YES;
				CLANG_ANALYZER_NUMBER_OBJECT_CONVERSION = YES_AGGRESSIVE;
				CLANG_CXX_LANGUAGE_STANDARD = "gnu++0x";
				CLANG_CXX_LIBRARY = "libc++";
				CLANG_ENABLE_MODULES = YES;
				CLANG_ENABLE_OBJC_ARC = YES;
				CLANG_WARN_BOOL_CONVERSION = YES;
				CLANG_WARN_CONSTANT_CONVERSION = YES;
				CLANG_WARN_DIRECT_OBJC_ISA_USAGE = YES_ERROR;
				CLANG_WARN_DOCUMENTATION_COMMENTS = YES;
				CLANG_WARN_EMPTY_BODY = YES;
				CLANG_WARN_ENUM_CONVERSION = YES;
				CLANG_WARN_INFINITE_RECURSION = YES;
				CLANG_WARN_INT_CONVERSION = YES;
				CLANG_WARN_OBJC_ROOT_CLASS = YES_ERROR;
				CLANG_WARN_SUSPICIOUS_MOVE = YES;
				CLANG_WARN_UNREACHABLE_CODE = YES;
				CLANG_WARN__DUPLICATE_METHOD_MATCH = YES;
				"CODE_SIGN_IDENTITY[sdk=iphoneos*]" = "iPhone Developer";
				COPY_PHASE_STRIP = NO;
				DEBUG_INFORMATION_FORMAT = dwarf;
				ENABLE_STRICT_OBJC_MSGSEND = YES;
				ENABLE_TESTABILITY = YES;
				GCC_C_LANGUAGE_STANDARD = gnu99;
				GCC_DYNAMIC_NO_PIC = NO;
				GCC_NO_COMMON_BLOCKS = YES;
				GCC_OPTIMIZATION_LEVEL = 0;
				GCC_PREPROCESSOR_DEFINITIONS = (
					"DEBUG=1",
					"$(inherited)",
				);
				GCC_WARN_64_TO_32_BIT_CONVERSION = YES;
				GCC_WARN_ABOUT_RETURN_TYPE = YES_ERROR;
				GCC_WARN_UNDECLARED_SELECTOR = YES;
				GCC_WARN_UNINITIALIZED_AUTOS = YES_AGGRESSIVE;
				GCC_WARN_UNUSED_FUNCTION = YES;
				GCC_WARN_UNUSED_VARIABLE = YES;
				IPHONEOS_DEPLOYMENT_TARGET = 10.3;
				MTL_ENABLE_DEBUG_INFO = YES;
				ONLY_ACTIVE_ARCH = YES;
				SDKROOT = iphoneos;
				SWIFT_ACTIVE_COMPILATION_CONDITIONS = DEBUG;
				SWIFT_OPTIMIZATION_LEVEL = "-Onone";
				TARGETED_DEVICE_FAMILY = "1,2";
			};
			name = Debug;
		};
		5CF520281F30467700B3ABA9 /* Release */ = {
			isa = XCBuildConfiguration;
			buildSettings = {
				ALWAYS_SEARCH_USER_PATHS = NO;
				CLANG_ANALYZER_NONNULL = YES;
				CLANG_ANALYZER_NUMBER_OBJECT_CONVERSION = YES_AGGRESSIVE;
				CLANG_CXX_LANGUAGE_STANDARD = "gnu++0x";
				CLANG_CXX_LIBRARY = "libc++";
				CLANG_ENABLE_MODULES = YES;
				CLANG_ENABLE_OBJC_ARC = YES;
				CLANG_WARN_BOOL_CONVERSION = YES;
				CLANG_WARN_CONSTANT_CONVERSION = YES;
				CLANG_WARN_DIRECT_OBJC_ISA_USAGE = YES_ERROR;
				CLANG_WARN_DOCUMENTATION_COMMENTS = YES;
				CLANG_WARN_EMPTY_BODY = YES;
				CLANG_WARN_ENUM_CONVERSION = YES;
				CLANG_WARN_INFINITE_RECURSION = YES;
				CLANG_WARN_INT_CONVERSION = YES;
				CLANG_WARN_OBJC_ROOT_CLASS = YES_ERROR;
				CLANG_WARN_SUSPICIOUS_MOVE = YES;
				CLANG_WARN_UNREACHABLE_CODE = YES;
				CLANG_WARN__DUPLICATE_METHOD_MATCH = YES;
				"CODE_SIGN_IDENTITY[sdk=iphoneos*]" = "iPhone Developer";
				COPY_PHASE_STRIP = NO;
				DEBUG_INFORMATION_FORMAT = "dwarf-with-dsym";
				ENABLE_NS_ASSERTIONS = NO;
				ENABLE_STRICT_OBJC_MSGSEND = YES;
				GCC_C_LANGUAGE_STANDARD = gnu99;
				GCC_NO_COMMON_BLOCKS = YES;
				GCC_WARN_64_TO_32_BIT_CONVERSION = YES;
				GCC_WARN_ABOUT_RETURN_TYPE = YES_ERROR;
				GCC_WARN_UNDECLARED_SELECTOR = YES;
				GCC_WARN_UNINITIALIZED_AUTOS = YES_AGGRESSIVE;
				GCC_WARN_UNUSED_FUNCTION = YES;
				GCC_WARN_UNUSED_VARIABLE = YES;
				IPHONEOS_DEPLOYMENT_TARGET = 10.3;
				MTL_ENABLE_DEBUG_INFO = NO;
				SDKROOT = iphoneos;
				SWIFT_OPTIMIZATION_LEVEL = "-Owholemodule";
				TARGETED_DEVICE_FAMILY = "1,2";
				VALIDATE_PRODUCT = YES;
			};
			name = Release;
		};
		5CF5202A1F30467700B3ABA9 /* Debug */ = {
			isa = XCBuildConfiguration;
			baseConfigurationReference = 855DB93A788C87473A5D5056 /* Pods-Sample.debug.xcconfig */;
			buildSettings = {
				ASSETCATALOG_COMPILER_APPICON_NAME = AppIcon;
				DEVELOPMENT_TEAM = 63YL5QDMNS;
				INFOPLIST_FILE = Sample/Info.plist;
				LD_RUNPATH_SEARCH_PATHS = "$(inherited) @executable_path/Frameworks";
				PRODUCT_BUNDLE_IDENTIFIER = cn.meniny.Today.Sample;
				PRODUCT_NAME = "$(TARGET_NAME)";
				SWIFT_SWIFT3_OBJC_INFERENCE = Default;
				SWIFT_VERSION = 4.0;
			};
			name = Debug;
		};
		5CF5202B1F30467700B3ABA9 /* Release */ = {
			isa = XCBuildConfiguration;
			baseConfigurationReference = B89E66313926154132D289BD /* Pods-Sample.release.xcconfig */;
			buildSettings = {
				ASSETCATALOG_COMPILER_APPICON_NAME = AppIcon;
				DEVELOPMENT_TEAM = 63YL5QDMNS;
				INFOPLIST_FILE = Sample/Info.plist;
				LD_RUNPATH_SEARCH_PATHS = "$(inherited) @executable_path/Frameworks";
				PRODUCT_BUNDLE_IDENTIFIER = cn.meniny.Today.Sample;
				PRODUCT_NAME = "$(TARGET_NAME)";
				SWIFT_SWIFT3_OBJC_INFERENCE = Default;
				SWIFT_VERSION = 4.0;
			};
			name = Release;
		};
/* End XCBuildConfiguration section */

/* Begin XCConfigurationList section */
		5CF520121F30467700B3ABA9 /* Build configuration list for PBXProject "Sample" */ = {
			isa = XCConfigurationList;
			buildConfigurations = (
				5CF520271F30467700B3ABA9 /* Debug */,
				5CF520281F30467700B3ABA9 /* Release */,
			);
			defaultConfigurationIsVisible = 0;
			defaultConfigurationName = Release;
		};
		5CF520291F30467700B3ABA9 /* Build configuration list for PBXNativeTarget "Sample" */ = {
			isa = XCConfigurationList;
			buildConfigurations = (
				5CF5202A1F30467700B3ABA9 /* Debug */,
				5CF5202B1F30467700B3ABA9 /* Release */,
			);
			defaultConfigurationIsVisible = 0;
			defaultConfigurationName = Release;
		};
/* End XCConfigurationList section */
	};
	rootObject = 5CF5200F1F30467700B3ABA9 /* Project object */;
}
